
Microsoft Visual Studio Solution File, Format Version 12.00
# Visual Studio 14
VisualStudioVersion = 14.0.23107.0
MinimumVisualStudioVersion = 10.0.40219.1
Project("{FAE04EC0-301F-11D3-BF4B-00C04F79EFBC}") = "ShapeLib", "ShapeLib\ShapeLib.csproj", "{22D24CA8-C32E-4489-A152-84EDD9ED14BA}"
EndProject
Project("{FAE04EC0-301F-11D3-BF4B-00C04F79EFBC}") = "ShapesApp", "ShapesApp\ShapesApp.csproj", "{51DBB00A-C1C8-4D66-B740-C825D4DB8164}"
EndProject
Global
	GlobalSection(SolutionConfigurationPlatforms) = preSolution
		Debug|Any CPU = Debug|Any CPU
		Release|Any CPU = Release|Any CPU
	EndGlobalSection
	GlobalSection(ProjectConfigurationPlatforms) = postSolution
		{22D24CA8-C32E-4489-A152-84EDD9ED14BA}.Debug|Any CPU.ActiveCfg = Debug|Any CPU
		{22D24CA8-C32E-4489-A152-84EDD9ED14BA}.Debug|Any CPU.Build.0 = Debug|Any CPU
		{22D24CA8-C32E-4489-A152-84EDD9ED14BA}.Release|Any CPU.ActiveCfg = Release|Any CPU
		{22D24CA8-C32E-4489-A152-84EDD9ED14BA}.Release|Any CPU.Build.0 = Release|Any CPU
		{51DBB00A-C1C8-4D66-B740-C825D4DB8164}.Debug|Any CPU.ActiveCfg = Debug|Any CPU
		{51DBB00A-C1C8-4D66-B740-C825D4DB8164}.Debug|Any CPU.Build.0 = Debug|Any CPU
		{51DBB00A-C1C8-4D66-B740-C825D4DB8164}.Release|Any CPU.ActiveCfg = Release|Any CPU
		{51DBB00A-C1C8-4D66-B740-C825D4DB8164}.Release|Any CPU.Build.0 = Release|Any CPU
	EndGlobalSection
	GlobalSection(SolutionProperties) = preSolution
		HideSolutionNode = FALSE
	EndGlobalSection
EndGlobal
